// !$*UTF8*$!
{
	archiveVersion = 1;
	classes = {
	};
	objectVersion = 56;
	objects = {

/* Begin PBXBuildFile section */
		2224C2662A77B75F00FF0CDC /* ApiManager.swift in Sources */ = {isa = PBXBuildFile; fileRef = 2224C2652A77B75F00FF0CDC /* ApiManager.swift */; };
		2224C2682A77B8E200FF0CDC /* CommonEntity.swift in Sources */ = {isa = PBXBuildFile; fileRef = 2224C2672A77B8E200FF0CDC /* CommonEntity.swift */; };
		2224C26A2A77BFFD00FF0CDC /* HomeScreenPresenter.swift in Sources */ = {isa = PBXBuildFile; fileRef = 2224C2692A77BFFD00FF0CDC /* HomeScreenPresenter.swift */; };
		2224C26C2A77C03100FF0CDC /* HomeScreenEntity.swift in Sources */ = {isa = PBXBuildFile; fileRef = 2224C26B2A77C03100FF0CDC /* HomeScreenEntity.swift */; };
		2224C2702A77CBA200FF0CDC /* CategoryCell.swift in Sources */ = {isa = PBXBuildFile; fileRef = 2224C26E2A77CBA200FF0CDC /* CategoryCell.swift */; };
		2224C2712A77CBA200FF0CDC /* CategoryCell.xib in Resources */ = {isa = PBXBuildFile; fileRef = 2224C26F2A77CBA200FF0CDC /* CategoryCell.xib */; };
		2251818B2A77ADA800D7B94C /* AppDelegate.swift in Sources */ = {isa = PBXBuildFile; fileRef = 2251818A2A77ADA800D7B94C /* AppDelegate.swift */; };
		2251818D2A77ADA800D7B94C /* SceneDelegate.swift in Sources */ = {isa = PBXBuildFile; fileRef = 2251818C2A77ADA800D7B94C /* SceneDelegate.swift */; };
		2251818F2A77ADA800D7B94C /* ViewController.swift in Sources */ = {isa = PBXBuildFile; fileRef = 2251818E2A77ADA800D7B94C /* ViewController.swift */; };
		225181922A77ADA800D7B94C /* Main.storyboard in Resources */ = {isa = PBXBuildFile; fileRef = 225181902A77ADA800D7B94C /* Main.storyboard */; };
		225181942A77ADAA00D7B94C /* Assets.xcassets in Resources */ = {isa = PBXBuildFile; fileRef = 225181932A77ADAA00D7B94C /* Assets.xcassets */; };
		225181972A77ADAA00D7B94C /* LaunchScreen.storyboard in Resources */ = {isa = PBXBuildFile; fileRef = 225181952A77ADAA00D7B94C /* LaunchScreen.storyboard */; };
		225181A12A77AE3000D7B94C /* HomeScreenView.storyboard in Resources */ = {isa = PBXBuildFile; fileRef = 225181A02A77AE3000D7B94C /* HomeScreenView.storyboard */; };
		225181A52A77AE5600D7B94C /* HomeScreenView.swift in Sources */ = {isa = PBXBuildFile; fileRef = 225181A42A77AE5600D7B94C /* HomeScreenView.swift */; };
		2264CB022A7BB4E40076F39A /* NewsCell.swift in Sources */ = {isa = PBXBuildFile; fileRef = 2264CB002A7BB4E40076F39A /* NewsCell.swift */; };
		2264CB032A7BB4E40076F39A /* NewsCell.xib in Resources */ = {isa = PBXBuildFile; fileRef = 2264CB012A7BB4E40076F39A /* NewsCell.xib */; };
		2264CB052A7BB9820076F39A /* HomeScreenInteractor.swift in Sources */ = {isa = PBXBuildFile; fileRef = 2264CB042A7BB9820076F39A /* HomeScreenInteractor.swift */; };
		2264CB072A7BB9C70076F39A /* BaseInteractor.swift in Sources */ = {isa = PBXBuildFile; fileRef = 2264CB062A7BB9C70076F39A /* BaseInteractor.swift */; };
		2264CB092A7BBDB60076F39A /* BasePresenter.swift in Sources */ = {isa = PBXBuildFile; fileRef = 2264CB082A7BBDB60076F39A /* BasePresenter.swift */; };
		C832D2F402B9A4143549D7A1 /* Pods_NewsApp.framework in Frameworks */ = {isa = PBXBuildFile; fileRef = A00D9697F53BD0C07C05E2C4 /* Pods_NewsApp.framework */; };
/* End PBXBuildFile section */

/* Begin PBXFileReference section */
		0EB6EFFA1C219BC3E56D8B16 /* Pods-NewsApp.release.xcconfig */ = {isa = PBXFileReference; includeInIndex = 1; lastKnownFileType = text.xcconfig; name = "Pods-NewsApp.release.xcconfig"; path = "Target Support Files/Pods-NewsApp/Pods-NewsApp.release.xcconfig"; sourceTree = "<group>"; };
		2224C2652A77B75F00FF0CDC /* ApiManager.swift */ = {isa = PBXFileReference; lastKnownFileType = sourcecode.swift; path = ApiManager.swift; sourceTree = "<group>"; };
		2224C2672A77B8E200FF0CDC /* CommonEntity.swift */ = {isa = PBXFileReference; lastKnownFileType = sourcecode.swift; path = CommonEntity.swift; sourceTree = "<group>"; };
		2224C2692A77BFFD00FF0CDC /* HomeScreenPresenter.swift */ = {isa = PBXFileReference; lastKnownFileType = sourcecode.swift; path = HomeScreenPresenter.swift; sourceTree = "<group>"; };
		2224C26B2A77C03100FF0CDC /* HomeScreenEntity.swift */ = {isa = PBXFileReference; lastKnownFileType = sourcecode.swift; path = HomeScreenEntity.swift; sourceTree = "<group>"; };
		2224C26E2A77CBA200FF0CDC /* CategoryCell.swift */ = {isa = PBXFileReference; lastKnownFileType = sourcecode.swift; path = CategoryCell.swift; sourceTree = "<group>"; };
		2224C26F2A77CBA200FF0CDC /* CategoryCell.xib */ = {isa = PBXFileReference; lastKnownFileType = file.xib; path = CategoryCell.xib; sourceTree = "<group>"; };
		225181872A77ADA800D7B94C /* NewsApp.app */ = {isa = PBXFileReference; explicitFileType = wrapper.application; includeInIndex = 0; path = NewsApp.app; sourceTree = BUILT_PRODUCTS_DIR; };
		2251818A2A77ADA800D7B94C /* AppDelegate.swift */ = {isa = PBXFileReference; lastKnownFileType = sourcecode.swift; path = AppDelegate.swift; sourceTree = "<group>"; };
		2251818C2A77ADA800D7B94C /* SceneDelegate.swift */ = {isa = PBXFileReference; lastKnownFileType = sourcecode.swift; path = SceneDelegate.swift; sourceTree = "<group>"; };
		2251818E2A77ADA800D7B94C /* ViewController.swift */ = {isa = PBXFileReference; lastKnownFileType = sourcecode.swift; path = ViewController.swift; sourceTree = "<group>"; };
		225181912A77ADA800D7B94C /* Base */ = {isa = PBXFileReference; lastKnownFileType = file.storyboard; name = Base; path = Base.lproj/Main.storyboard; sourceTree = "<group>"; };
		225181932A77ADAA00D7B94C /* Assets.xcassets */ = {isa = PBXFileReference; lastKnownFileType = folder.assetcatalog; path = Assets.xcassets; sourceTree = "<group>"; };
		225181962A77ADAA00D7B94C /* Base */ = {isa = PBXFileReference; lastKnownFileType = file.storyboard; name = Base; path = Base.lproj/LaunchScreen.storyboard; sourceTree = "<group>"; };
		225181982A77ADAA00D7B94C /* Info.plist */ = {isa = PBXFileReference; lastKnownFileType = text.plist.xml; path = Info.plist; sourceTree = "<group>"; };
		225181A02A77AE3000D7B94C /* HomeScreenView.storyboard */ = {isa = PBXFileReference; lastKnownFileType = file.storyboard; path = HomeScreenView.storyboard; sourceTree = "<group>"; };
		225181A42A77AE5600D7B94C /* HomeScreenView.swift */ = {isa = PBXFileReference; lastKnownFileType = sourcecode.swift; path = HomeScreenView.swift; sourceTree = "<group>"; };
		2264CB002A7BB4E40076F39A /* NewsCell.swift */ = {isa = PBXFileReference; lastKnownFileType = sourcecode.swift; path = NewsCell.swift; sourceTree = "<group>"; };
		2264CB012A7BB4E40076F39A /* NewsCell.xib */ = {isa = PBXFileReference; lastKnownFileType = file.xib; path = NewsCell.xib; sourceTree = "<group>"; };
		2264CB042A7BB9820076F39A /* HomeScreenInteractor.swift */ = {isa = PBXFileReference; lastKnownFileType = sourcecode.swift; path = HomeScreenInteractor.swift; sourceTree = "<group>"; };
		2264CB062A7BB9C70076F39A /* BaseInteractor.swift */ = {isa = PBXFileReference; lastKnownFileType = sourcecode.swift; path = BaseInteractor.swift; sourceTree = "<group>"; };
		2264CB082A7BBDB60076F39A /* BasePresenter.swift */ = {isa = PBXFileReference; lastKnownFileType = sourcecode.swift; path = BasePresenter.swift; sourceTree = "<group>"; };
		511FF19681C5610A3F7F55F1 /* Pods-NewsApp.debug.xcconfig */ = {isa = PBXFileReference; includeInIndex = 1; lastKnownFileType = text.xcconfig; name = "Pods-NewsApp.debug.xcconfig"; path = "Target Support Files/Pods-NewsApp/Pods-NewsApp.debug.xcconfig"; sourceTree = "<group>"; };
		A00D9697F53BD0C07C05E2C4 /* Pods_NewsApp.framework */ = {isa = PBXFileReference; explicitFileType = wrapper.framework; includeInIndex = 0; path = Pods_NewsApp.framework; sourceTree = BUILT_PRODUCTS_DIR; };
/* End PBXFileReference section */

/* Begin PBXFrameworksBuildPhase section */
		225181842A77ADA800D7B94C /* Frameworks */ = {
			isa = PBXFrameworksBuildPhase;
			buildActionMask = 2147483647;
			files = (
				C832D2F402B9A4143549D7A1 /* Pods_NewsApp.framework in Frameworks */,
			);
			runOnlyForDeploymentPostprocessing = 0;
		};
/* End PBXFrameworksBuildPhase section */

/* Begin PBXGroup section */
		2224C2642A77B75300FF0CDC /* Common */ = {
			isa = PBXGroup;
			children = (
				2224C2652A77B75F00FF0CDC /* ApiManager.swift */,
				2224C2672A77B8E200FF0CDC /* CommonEntity.swift */,
				2264CB062A7BB9C70076F39A /* BaseInteractor.swift */,
				2264CB082A7BBDB60076F39A /* BasePresenter.swift */,
			);
			path = Common;
			sourceTree = "<group>";
		};
		2224C26D2A77CB5300FF0CDC /* Cells */ = {
			isa = PBXGroup;
			children = (
				2264CB002A7BB4E40076F39A /* NewsCell.swift */,
				2264CB012A7BB4E40076F39A /* NewsCell.xib */,
				2224C26E2A77CBA200FF0CDC /* CategoryCell.swift */,
				2224C26F2A77CBA200FF0CDC /* CategoryCell.xib */,
			);
			path = Cells;
			sourceTree = "<group>";
		};
		2251817E2A77ADA800D7B94C = {
			isa = PBXGroup;
			children = (
				225181892A77ADA800D7B94C /* NewsApp */,
				225181882A77ADA800D7B94C /* Products */,
				95F70F73FA7BFF2DD79C6AFE /* Pods */,
				AE2314C3B892E2883EBDEA2B /* Frameworks */,
			);
			sourceTree = "<group>";
		};
		225181882A77ADA800D7B94C /* Products */ = {
			isa = PBXGroup;
			children = (
				225181872A77ADA800D7B94C /* NewsApp.app */,
			);
			name = Products;
			sourceTree = "<group>";
		};
		225181892A77ADA800D7B94C /* NewsApp */ = {
			isa = PBXGroup;
			children = (
				2251819E2A77AE1800D7B94C /* Modules */,
				2251818A2A77ADA800D7B94C /* AppDelegate.swift */,
				2251818C2A77ADA800D7B94C /* SceneDelegate.swift */,
				2251818E2A77ADA800D7B94C /* ViewController.swift */,
				225181902A77ADA800D7B94C /* Main.storyboard */,
				225181932A77ADAA00D7B94C /* Assets.xcassets */,
				225181952A77ADAA00D7B94C /* LaunchScreen.storyboard */,
				225181982A77ADAA00D7B94C /* Info.plist */,
			);
			path = NewsApp;
			sourceTree = "<group>";
		};
		2251819E2A77AE1800D7B94C /* Modules */ = {
			isa = PBXGroup;
			children = (
				2224C2642A77B75300FF0CDC /* Common */,
				2251819F2A77AE2200D7B94C /* HomeScreen */,
			);
			path = Modules;
			sourceTree = "<group>";
		};
		2251819F2A77AE2200D7B94C /* HomeScreen */ = {
			isa = PBXGroup;
			children = (
				2224C26D2A77CB5300FF0CDC /* Cells */,
				225181A02A77AE3000D7B94C /* HomeScreenView.storyboard */,
				225181A42A77AE5600D7B94C /* HomeScreenView.swift */,
				2224C2692A77BFFD00FF0CDC /* HomeScreenPresenter.swift */,
				2264CB042A7BB9820076F39A /* HomeScreenInteractor.swift */,
				2224C26B2A77C03100FF0CDC /* HomeScreenEntity.swift */,
			);
			path = HomeScreen;
			sourceTree = "<group>";
		};
		95F70F73FA7BFF2DD79C6AFE /* Pods */ = {
			isa = PBXGroup;
			children = (
				511FF19681C5610A3F7F55F1 /* Pods-NewsApp.debug.xcconfig */,
				0EB6EFFA1C219BC3E56D8B16 /* Pods-NewsApp.release.xcconfig */,
			);
			path = Pods;
			sourceTree = "<group>";
		};
		AE2314C3B892E2883EBDEA2B /* Frameworks */ = {
			isa = PBXGroup;
			children = (
				A00D9697F53BD0C07C05E2C4 /* Pods_NewsApp.framework */,
			);
			name = Frameworks;
			sourceTree = "<group>";
		};
/* End PBXGroup section */

/* Begin PBXNativeTarget section */
		225181862A77ADA800D7B94C /* NewsApp */ = {
			isa = PBXNativeTarget;
			buildConfigurationList = 2251819B2A77ADAA00D7B94C /* Build configuration list for PBXNativeTarget "NewsApp" */;
			buildPhases = (
				BB9C30DC8A0BF702BF222331 /* [CP] Check Pods Manifest.lock */,
				225181832A77ADA800D7B94C /* Sources */,
				225181842A77ADA800D7B94C /* Frameworks */,
				225181852A77ADA800D7B94C /* Resources */,
				4084D15594F506098DF18518 /* [CP] Embed Pods Frameworks */,
			);
			buildRules = (
			);
			dependencies = (
			);
			name = NewsApp;
			productName = NewsApp;
			productReference = 225181872A77ADA800D7B94C /* NewsApp.app */;
			productType = "com.apple.product-type.application";
		};
/* End PBXNativeTarget section */

/* Begin PBXProject section */
		2251817F2A77ADA800D7B94C /* Project object */ = {
			isa = PBXProject;
			attributes = {
				BuildIndependentTargetsInParallel = 1;
				LastSwiftUpdateCheck = 1430;
				LastUpgradeCheck = 1430;
				TargetAttributes = {
					225181862A77ADA800D7B94C = {
						CreatedOnToolsVersion = 14.3;
					};
				};
			};
			buildConfigurationList = 225181822A77ADA800D7B94C /* Build configuration list for PBXProject "NewsApp" */;
			compatibilityVersion = "Xcode 14.0";
			developmentRegion = en;
			hasScannedForEncodings = 0;
			knownRegions = (
				en,
				Base,
			);
			mainGroup = 2251817E2A77ADA800D7B94C;
			productRefGroup = 225181882A77ADA800D7B94C /* Products */;
			projectDirPath = "";
			projectRoot = "";
			targets = (
				225181862A77ADA800D7B94C /* NewsApp */,
			);
		};
/* End PBXProject section */

/* Begin PBXResourcesBuildPhase section */
		225181852A77ADA800D7B94C /* Resources */ = {
			isa = PBXResourcesBuildPhase;
			buildActionMask = 2147483647;
			files = (
				2264CB032A7BB4E40076F39A /* NewsCell.xib in Resources */,
				2224C2712A77CBA200FF0CDC /* CategoryCell.xib in Resources */,
				225181A12A77AE3000D7B94C /* HomeScreenView.storyboard in Resources */,
				225181972A77ADAA00D7B94C /* LaunchScreen.storyboard in Resources */,
				225181942A77ADAA00D7B94C /* Assets.xcassets in Resources */,
				225181922A77ADA800D7B94C /* Main.storyboard in Resources */,
			);
			runOnlyForDeploymentPostprocessing = 0;
		};
/* End PBXResourcesBuildPhase section */

/* Begin PBXShellScriptBuildPhase section */
		4084D15594F506098DF18518 /* [CP] Embed Pods Frameworks */ = {
			isa = PBXShellScriptBuildPhase;
			buildActionMask = 2147483647;
			files = (
			);
			inputFileListPaths = (
				"${PODS_ROOT}/Target Support Files/Pods-NewsApp/Pods-NewsApp-frameworks-${CONFIGURATION}-input-files.xcfilelist",
			);
			name = "[CP] Embed Pods Frameworks";
			outputFileListPaths = (
				"${PODS_ROOT}/Target Support Files/Pods-NewsApp/Pods-NewsApp-frameworks-${CONFIGURATION}-output-files.xcfilelist",
			);
			runOnlyForDeploymentPostprocessing = 0;
			shellPath = /bin/sh;
			shellScript = "\"${PODS_ROOT}/Target Support Files/Pods-NewsApp/Pods-NewsApp-frameworks.sh\"\n";
			showEnvVarsInLog = 0;
		};
		BB9C30DC8A0BF702BF222331 /* [CP] Check Pods Manifest.lock */ = {
			isa = PBXShellScriptBuildPhase;
			buildActionMask = 2147483647;
			files = (
			);
			inputFileListPaths = (
			);
			inputPaths = (
				"${PODS_PODFILE_DIR_PATH}/Podfile.lock",
				"${PODS_ROOT}/Manifest.lock",
			);
			name = "[CP] Check Pods Manifest.lock";
			outputFileListPaths = (
			);
			outputPaths = (
				"$(DERIVED_FILE_DIR)/Pods-NewsApp-checkManifestLockResult.txt",
			);
			runOnlyForDeploymentPostprocessing = 0;
			shellPath = /bin/sh;
			shellScript = "diff \"${PODS_PODFILE_DIR_PATH}/Podfile.lock\" \"${PODS_ROOT}/Manifest.lock\" > /dev/null\nif [ $? != 0 ] ; then\n    # print error to STDERR\n    echo \"error: The sandbox is not in sync with the Podfile.lock. Run 'pod install' or update your CocoaPods installation.\" >&2\n    exit 1\nfi\n# This output is used by Xcode 'outputs' to avoid re-running this script phase.\necho \"SUCCESS\" > \"${SCRIPT_OUTPUT_FILE_0}\"\n";
			showEnvVarsInLog = 0;
		};
/* End PBXShellScriptBuildPhase section */

/* Begin PBXSourcesBuildPhase section */
		225181832A77ADA800D7B94C /* Sources */ = {
			isa = PBXSourcesBuildPhase;
			buildActionMask = 2147483647;
			files = (
				2251818F2A77ADA800D7B94C /* ViewController.swift in Sources */,
				2224C2682A77B8E200FF0CDC /* CommonEntity.swift in Sources */,
				2251818B2A77ADA800D7B94C /* AppDelegate.swift in Sources */,
				2264CB052A7BB9820076F39A /* HomeScreenInteractor.swift in Sources */,
				2224C26A2A77BFFD00FF0CDC /* HomeScreenPresenter.swift in Sources */,
				2264CB072A7BB9C70076F39A /* BaseInteractor.swift in Sources */,
				2264CB022A7BB4E40076F39A /* NewsCell.swift in Sources */,
				2224C2662A77B75F00FF0CDC /* ApiManager.swift in Sources */,
				2264CB092A7BBDB60076F39A /* BasePresenter.swift in Sources */,
				2224C2702A77CBA200FF0CDC /* CategoryCell.swift in Sources */,
				2251818D2A77ADA800D7B94C /* SceneDelegate.swift in Sources */,
				225181A52A77AE5600D7B94C /* HomeScreenView.swift in Sources */,
				2224C26C2A77C03100FF0CDC /* HomeScreenEntity.swift in Sources */,
			);
			runOnlyForDeploymentPostprocessing = 0;
		};
/* End PBXSourcesBuildPhase section */

/* Begin PBXVariantGroup section */
		225181902A77ADA800D7B94C /* Main.storyboard */ = {
			isa = PBXVariantGroup;
			children = (
				225181912A77ADA800D7B94C /* Base */,
			);
			name = Main.storyboard;
			sourceTree = "<group>";
		};
		225181952A77ADAA00D7B94C /* LaunchScreen.storyboard */ = {
			isa = PBXVariantGroup;
			children = (
				225181962A77ADAA00D7B94C /* Base */,
			);
			name = LaunchScreen.storyboard;
			sourceTree = "<group>";
		};
/* End PBXVariantGroup section */

/* Begin XCBuildConfiguration section */
		225181992A77ADAA00D7B94C /* Debug */ = {
			isa = XCBuildConfiguration;
			buildSettings = {
				ALWAYS_SEARCH_USER_PATHS = NO;
				CLANG_ANALYZER_NONNULL = YES;
				CLANG_ANALYZER_NUMBER_OBJECT_CONVERSION = YES_AGGRESSIVE;
				CLANG_CXX_LANGUAGE_STANDARD = "gnu++20";
				CLANG_ENABLE_MODULES = YES;
				CLANG_ENABLE_OBJC_ARC = YES;
				CLANG_ENABLE_OBJC_WEAK = YES;
				CLANG_WARN_BLOCK_CAPTURE_AUTORELEASING = YES;
				CLANG_WARN_BOOL_CONVERSION = YES;
				CLANG_WARN_COMMA = YES;
				CLANG_WARN_CONSTANT_CONVERSION = YES;
				CLANG_WARN_DEPRECATED_OBJC_IMPLEMENTATIONS = YES;
				CLANG_WARN_DIRECT_OBJC_ISA_USAGE = YES_ERROR;
				CLANG_WARN_DOCUMENTATION_COMMENTS = YES;
				CLANG_WARN_EMPTY_BODY = YES;
				CLANG_WARN_ENUM_CONVERSION = YES;
				CLANG_WARN_INFINITE_RECURSION = YES;
				CLANG_WARN_INT_CONVERSION = YES;
				CLANG_WARN_NON_LITERAL_NULL_CONVERSION = YES;
				CLANG_WARN_OBJC_IMPLICIT_RETAIN_SELF = YES;
				CLANG_WARN_OBJC_LITERAL_CONVERSION = YES;
				CLANG_WARN_OBJC_ROOT_CLASS = YES_ERROR;
				CLANG_WARN_QUOTED_INCLUDE_IN_FRAMEWORK_HEADER = YES;
				CLANG_WARN_RANGE_LOOP_ANALYSIS = YES;
				CLANG_WARN_STRICT_PROTOTYPES = YES;
				CLANG_WARN_SUSPICIOUS_MOVE = YES;
				CLANG_WARN_UNGUARDED_AVAILABILITY = YES_AGGRESSIVE;
				CLANG_WARN_UNREACHABLE_CODE = YES;
				CLANG_WARN__DUPLICATE_METHOD_MATCH = YES;
				COPY_PHASE_STRIP = NO;
				DEBUG_INFORMATION_FORMAT = dwarf;
				ENABLE_STRICT_OBJC_MSGSEND = YES;
				ENABLE_TESTABILITY = YES;
				GCC_C_LANGUAGE_STANDARD = gnu11;
				GCC_DYNAMIC_NO_PIC = NO;
				GCC_NO_COMMON_BLOCKS = YES;
				GCC_OPTIMIZATION_LEVEL = 0;
				GCC_PREPROCESSOR_DEFINITIONS = (
					"DEBUG=1",
					"$(inherited)",
				);
				GCC_WARN_64_TO_32_BIT_CONVERSION = YES;
				GCC_WARN_ABOUT_RETURN_TYPE = YES_ERROR;
				GCC_WARN_UNDECLARED_SELECTOR = YES;
				GCC_WARN_UNINITIALIZED_AUTOS = YES_AGGRESSIVE;
				GCC_WARN_UNUSED_FUNCTION = YES;
				GCC_WARN_UNUSED_VARIABLE = YES;
				IPHONEOS_DEPLOYMENT_TARGET = 16.4;
				MTL_ENABLE_DEBUG_INFO = INCLUDE_SOURCE;
				MTL_FAST_MATH = YES;
				ONLY_ACTIVE_ARCH = YES;
				SDKROOT = iphoneos;
				SWIFT_ACTIVE_COMPILATION_CONDITIONS = DEBUG;
				SWIFT_OPTIMIZATION_LEVEL = "-Onone";
			};
			name = Debug;
		};
		2251819A2A77ADAA00D7B94C /* Release */ = {
			isa = XCBuildConfiguration;
			buildSettings = {
				ALWAYS_SEARCH_USER_PATHS = NO;
				CLANG_ANALYZER_NONNULL = YES;
				CLANG_ANALYZER_NUMBER_OBJECT_CONVERSION = YES_AGGRESSIVE;
				CLANG_CXX_LANGUAGE_STANDARD = "gnu++20";
				CLANG_ENABLE_MODULES = YES;
				CLANG_ENABLE_OBJC_ARC = YES;
				CLANG_ENABLE_OBJC_WEAK = YES;
				CLANG_WARN_BLOCK_CAPTURE_AUTORELEASING = YES;
				CLANG_WARN_BOOL_CONVERSION = YES;
				CLANG_WARN_COMMA = YES;
				CLANG_WARN_CONSTANT_CONVERSION = YES;
				CLANG_WARN_DEPRECATED_OBJC_IMPLEMENTATIONS = YES;
				CLANG_WARN_DIRECT_OBJC_ISA_USAGE = YES_ERROR;
				CLANG_WARN_DOCUMENTATION_COMMENTS = YES;
				CLANG_WARN_EMPTY_BODY = YES;
				CLANG_WARN_ENUM_CONVERSION = YES;
				CLANG_WARN_INFINITE_RECURSION = YES;
				CLANG_WARN_INT_CONVERSION = YES;
				CLANG_WARN_NON_LITERAL_NULL_CONVERSION = YES;
				CLANG_WARN_OBJC_IMPLICIT_RETAIN_SELF = YES;
				CLANG_WARN_OBJC_LITERAL_CONVERSION = YES;
				CLANG_WARN_OBJC_ROOT_CLASS = YES_ERROR;
				CLANG_WARN_QUOTED_INCLUDE_IN_FRAMEWORK_HEADER = YES;
				CLANG_WARN_RANGE_LOOP_ANALYSIS = YES;
				CLANG_WARN_STRICT_PROTOTYPES = YES;
				CLANG_WARN_SUSPICIOUS_MOVE = YES;
				CLANG_WARN_UNGUARDED_AVAILABILITY = YES_AGGRESSIVE;
				CLANG_WARN_UNREACHABLE_CODE = YES;
				CLANG_WARN__DUPLICATE_METHOD_MATCH = YES;
				COPY_PHASE_STRIP = NO;
				DEBUG_INFORMATION_FORMAT = "dwarf-with-dsym";
				ENABLE_NS_ASSERTIONS = NO;
				ENABLE_STRICT_OBJC_MSGSEND = YES;
				GCC_C_LANGUAGE_STANDARD = gnu11;
				GCC_NO_COMMON_BLOCKS = YES;
				GCC_WARN_64_TO_32_BIT_CONVERSION = YES;
				GCC_WARN_ABOUT_RETURN_TYPE = YES_ERROR;
				GCC_WARN_UNDECLARED_SELECTOR = YES;
				GCC_WARN_UNINITIALIZED_AUTOS = YES_AGGRESSIVE;
				GCC_WARN_UNUSED_FUNCTION = YES;
				GCC_WARN_UNUSED_VARIABLE = YES;
				IPHONEOS_DEPLOYMENT_TARGET = 16.4;
				MTL_ENABLE_DEBUG_INFO = NO;
				MTL_FAST_MATH = YES;
				SDKROOT = iphoneos;
				SWIFT_COMPILATION_MODE = wholemodule;
				SWIFT_OPTIMIZATION_LEVEL = "-O";
				VALIDATE_PRODUCT = YES;
			};
			name = Release;
		};
		2251819C2A77ADAA00D7B94C /* Debug */ = {
			isa = XCBuildConfiguration;
			baseConfigurationReference = 511FF19681C5610A3F7F55F1 /* Pods-NewsApp.debug.xcconfig */;
			buildSettings = {
				ASSETCATALOG_COMPILER_APPICON_NAME = AppIcon;
				ASSETCATALOG_COMPILER_GLOBAL_ACCENT_COLOR_NAME = AccentColor;
				CODE_SIGN_STYLE = Automatic;
				CURRENT_PROJECT_VERSION = 1;
				DEVELOPMENT_TEAM = 8WWR82GRZD;
				GENERATE_INFOPLIST_FILE = YES;
				INFOPLIST_FILE = NewsApp/Info.plist;
				INFOPLIST_KEY_UIApplicationSupportsIndirectInputEvents = YES;
				INFOPLIST_KEY_UILaunchStoryboardName = LaunchScreen;
				INFOPLIST_KEY_UIMainStoryboardFile = Main;
				INFOPLIST_KEY_UISupportedInterfaceOrientations_iPad = "UIInterfaceOrientationPortrait UIInterfaceOrientationPortraitUpsideDown UIInterfaceOrientationLandscapeLeft UIInterfaceOrientationLandscapeRight";
				INFOPLIST_KEY_UISupportedInterfaceOrientations_iPhone = "UIInterfaceOrientationPortrait UIInterfaceOrientationLandscapeLeft UIInterfaceOrientationLandscapeRight";
				LD_RUNPATH_SEARCH_PATHS = (
					"$(inherited)",
					"@executable_path/Frameworks",
				);
				MARKETING_VERSION = 1.0;
				PRODUCT_BUNDLE_IDENTIFIER = com.ardy.NewsApp;
				PRODUCT_NAME = "$(TARGET_NAME)";
				SWIFT_EMIT_LOC_STRINGS = YES;
				SWIFT_VERSION = 5.0;
				TARGETED_DEVICE_FAMILY = "1,2";
			};
			name = Debug;
		};
		2251819D2A77ADAA00D7B94C /* Release */ = {
			isa = XCBuildConfiguration;
			baseConfigurationReference = 0EB6EFFA1C219BC3E56D8B16 /* Pods-NewsApp.release.xcconfig */;
			buildSettings = {
				ASSETCATALOG_COMPILER_APPICON_NAME = AppIcon;
				ASSETCATALOG_COMPILER_GLOBAL_ACCENT_COLOR_NAME = AccentColor;
				CODE_SIGN_STYLE = Automatic;
				CURRENT_PROJECT_VERSION = 1;
				DEVELOPMENT_TEAM = 8WWR82GRZD;
				GENERATE_INFOPLIST_FILE = YES;
				INFOPLIST_FILE = NewsApp/Info.plist;
				INFOPLIST_KEY_UIApplicationSupportsIndirectInputEvents = YES;
				INFOPLIST_KEY_UILaunchStoryboardName = LaunchScreen;
				INFOPLIST_KEY_UIMainStoryboardFile = Main;
				INFOPLIST_KEY_UISupportedInterfaceOrientations_iPad = "UIInterfaceOrientationPortrait UIInterfaceOrientationPortraitUpsideDown UIInterfaceOrientationLandscapeLeft UIInterfaceOrientationLandscapeRight";
				INFOPLIST_KEY_UISupportedInterfaceOrientations_iPhone = "UIInterfaceOrientationPortrait UIInterfaceOrientationLandscapeLeft UIInterfaceOrientationLandscapeRight";
				LD_RUNPATH_SEARCH_PATHS = (
					"$(inherited)",
					"@executable_path/Frameworks",
				);
				MARKETING_VERSION = 1.0;
				PRODUCT_BUNDLE_IDENTIFIER = com.ardy.NewsApp;
				PRODUCT_NAME = "$(TARGET_NAME)";
				SWIFT_EMIT_LOC_STRINGS = YES;
				SWIFT_VERSION = 5.0;
				TARGETED_DEVICE_FAMILY = "1,2";
			};
			name = Release;
		};
/* End XCBuildConfiguration section */

/* Begin XCConfigurationList section */
		225181822A77ADA800D7B94C /* Build configuration list for PBXProject "NewsApp" */ = {
			isa = XCConfigurationList;
			buildConfigurations = (
				225181992A77ADAA00D7B94C /* Debug */,
				2251819A2A77ADAA00D7B94C /* Release */,
			);
			defaultConfigurationIsVisible = 0;
			defaultConfigurationName = Release;
		};
		2251819B2A77ADAA00D7B94C /* Build configuration list for PBXNativeTarget "NewsApp" */ = {
			isa = XCConfigurationList;
			buildConfigurations = (
				2251819C2A77ADAA00D7B94C /* Debug */,
				2251819D2A77ADAA00D7B94C /* Release */,
			);
			defaultConfigurationIsVisible = 0;
			defaultConfigurationName = Release;
		};
/* End XCConfigurationList section */
	};
	rootObject = 2251817F2A77ADA800D7B94C /* Project object */;
}
